
Microsoft Visual Studio Solution File, Format Version 12.00
# Visual Studio Version 17
VisualStudioVersion = 17.6.33723.286
MinimumVisualStudioVersion = 10.0.40219.1
Project("{2150E333-8FDC-42A3-9474-1A3956D46DE8}") = "src", "src", "{8466107D-CBE1-48E7-98E5-B11597C7E44E}"
EndProject
Project("{FAE04EC0-301F-11D3-BF4B-00C04F79EFBC}") = "SocialMedia.Domain", "src\SocialMedia.Domain\SocialMedia.Domain.csproj", "{3DF7C91C-49C3-40AD-9355-BF1C48F238F7}"
EndProject
Project("{FAE04EC0-301F-11D3-BF4B-00C04F79EFBC}") = "SocialMedia.Application", "src\SocialMedia.Application\SocialMedia.Application.csproj", "{3B9446BF-E41F-458D-A0FF-F6674D388DE8}"
EndProject
Project("{FAE04EC0-301F-11D3-BF4B-00C04F79EFBC}") = "SocialMedia.Infrastructure", "src\SocialMedia.Infrastructure\SocialMedia.Infrastructure.csproj", "{36416106-81A0-4197-AB26-CF0D0E19F86D}"
EndProject
Project("{FAE04EC0-301F-11D3-BF4B-00C04F79EFBC}") = "SocialMedia.Presentation", "src\SocialMedia.Presentation\SocialMedia.Presentation.csproj", "{90EF101A-1DB7-4D91-B8EB-F1D51D75CDFE}"
EndProject
Project("{FAE04EC0-301F-11D3-BF4B-00C04F79EFBC}") = "SocialMedia.App", "src\SocialMedia.App\SocialMedia.App.csproj", "{8FBDBC2D-E9C4-4AE7-ABE6-A250F6DCE3C3}"
EndProject
Global
	GlobalSection(SolutionConfigurationPlatforms) = preSolution
		Debug|Any CPU = Debug|Any CPU
		Release|Any CPU = Release|Any CPU
	EndGlobalSection
	GlobalSection(ProjectConfigurationPlatforms) = postSolution
		{3DF7C91C-49C3-40AD-9355-BF1C48F238F7}.Debug|Any CPU.ActiveCfg = Debug|Any CPU
		{3DF7C91C-49C3-40AD-9355-BF1C48F238F7}.Debug|Any CPU.Build.0 = Debug|Any CPU
		{3DF7C91C-49C3-40AD-9355-BF1C48F238F7}.Release|Any CPU.ActiveCfg = Release|Any CPU
		{3DF7C91C-49C3-40AD-9355-BF1C48F238F7}.Release|Any CPU.Build.0 = Release|Any CPU
		{3B9446BF-E41F-458D-A0FF-F6674D388DE8}.Debug|Any CPU.ActiveCfg = Debug|Any CPU
		{3B9446BF-E41F-458D-A0FF-F6674D388DE8}.Debug|Any CPU.Build.0 = Debug|Any CPU
		{3B9446BF-E41F-458D-A0FF-F6674D388DE8}.Release|Any CPU.ActiveCfg = Release|Any CPU
		{3B9446BF-E41F-458D-A0FF-F6674D388DE8}.Release|Any CPU.Build.0 = Release|Any CPU
		{36416106-81A0-4197-AB26-CF0D0E19F86D}.Debug|Any CPU.ActiveCfg = Debug|Any CPU
		{36416106-81A0-4197-AB26-CF0D0E19F86D}.Debug|Any CPU.Build.0 = Debug|Any CPU
		{36416106-81A0-4197-AB26-CF0D0E19F86D}.Release|Any CPU.ActiveCfg = Release|Any CPU
		{36416106-81A0-4197-AB26-CF0D0E19F86D}.Release|Any CPU.Build.0 = Release|Any CPU
		{90EF101A-1DB7-4D91-B8EB-F1D51D75CDFE}.Debug|Any CPU.ActiveCfg = Debug|Any CPU
		{90EF101A-1DB7-4D91-B8EB-F1D51D75CDFE}.Debug|Any CPU.Build.0 = Debug|Any CPU
		{90EF101A-1DB7-4D91-B8EB-F1D51D75CDFE}.Release|Any CPU.ActiveCfg = Release|Any CPU
		{90EF101A-1DB7-4D91-B8EB-F1D51D75CDFE}.Release|Any CPU.Build.0 = Release|Any CPU
		{8FBDBC2D-E9C4-4AE7-ABE6-A250F6DCE3C3}.Debug|Any CPU.ActiveCfg = Debug|Any CPU
		{8FBDBC2D-E9C4-4AE7-ABE6-A250F6DCE3C3}.Debug|Any CPU.Build.0 = Debug|Any CPU
		{8FBDBC2D-E9C4-4AE7-ABE6-A250F6DCE3C3}.Release|Any CPU.ActiveCfg = Release|Any CPU
		{8FBDBC2D-E9C4-4AE7-ABE6-A250F6DCE3C3}.Release|Any CPU.Build.0 = Release|Any CPU
	EndGlobalSection
	GlobalSection(SolutionProperties) = preSolution
		HideSolutionNode = FALSE
	EndGlobalSection
	GlobalSection(NestedProjects) = preSolution
		{3DF7C91C-49C3-40AD-9355-BF1C48F238F7} = {8466107D-CBE1-48E7-98E5-B11597C7E44E}
		{3B9446BF-E41F-458D-A0FF-F6674D388DE8} = {8466107D-CBE1-48E7-98E5-B11597C7E44E}
		{36416106-81A0-4197-AB26-CF0D0E19F86D} = {8466107D-CBE1-48E7-98E5-B11597C7E44E}
		{90EF101A-1DB7-4D91-B8EB-F1D51D75CDFE} = {8466107D-CBE1-48E7-98E5-B11597C7E44E}
		{8FBDBC2D-E9C4-4AE7-ABE6-A250F6DCE3C3} = {8466107D-CBE1-48E7-98E5-B11597C7E44E}
	EndGlobalSection
	GlobalSection(ExtensibilityGlobals) = postSolution
		SolutionGuid = {656B196D-A920-417E-AABA-940390C36609}
	EndGlobalSection
EndGlobal
